
Microsoft Visual Studio Solution File, Format Version 12.00
# Visual Studio Version 16
VisualStudioVersion = 16.0.32228.343
MinimumVisualStudioVersion = 10.0.40219.1
Project("{FAE04EC0-301F-11D3-BF4B-00C04F79EFBC}") = "DistributedSystem_Main", "DistributedSystem_Main\DistributedSystem_Main.csproj", "{B83896C1-AB10-4B68-95BC-B27020286129}"
EndProject
Project("{FAE04EC0-301F-11D3-BF4B-00C04F79EFBC}") = "SensorDataProcess", "SensorDataProcess\SensorDataProcess.csproj", "{4CD2EE2A-4F87-40C6-BB99-E4A3EE87D9A9}"
EndProject
Project("{FAE04EC0-301F-11D3-BF4B-00C04F79EFBC}") = "DataQuery", "DataQuery\DataQuery.csproj", "{50A88026-02AF-4831-B322-72F1B853BE44}"
EndProject
Global
	GlobalSection(SolutionConfigurationPlatforms) = preSolution
		Debug|Any CPU = Debug|Any CPU
		Release|Any CPU = Release|Any CPU
	EndGlobalSection
	GlobalSection(ProjectConfigurationPlatforms) = postSolution
		{B83896C1-AB10-4B68-95BC-B27020286129}.Debug|Any CPU.ActiveCfg = Debug|Any CPU
		{B83896C1-AB10-4B68-95BC-B27020286129}.Debug|Any CPU.Build.0 = Debug|Any CPU
		{B83896C1-AB10-4B68-95BC-B27020286129}.Release|Any CPU.ActiveCfg = Release|Any CPU
		{B83896C1-AB10-4B68-95BC-B27020286129}.Release|Any CPU.Build.0 = Release|Any CPU
		{4CD2EE2A-4F87-40C6-BB99-E4A3EE87D9A9}.Debug|Any CPU.ActiveCfg = Debug|Any CPU
		{4CD2EE2A-4F87-40C6-BB99-E4A3EE87D9A9}.Debug|Any CPU.Build.0 = Debug|Any CPU
		{4CD2EE2A-4F87-40C6-BB99-E4A3EE87D9A9}.Release|Any CPU.ActiveCfg = Release|Any CPU
		{4CD2EE2A-4F87-40C6-BB99-E4A3EE87D9A9}.Release|Any CPU.Build.0 = Release|Any CPU
		{50A88026-02AF-4831-B322-72F1B853BE44}.Debug|Any CPU.ActiveCfg = Debug|Any CPU
		{50A88026-02AF-4831-B322-72F1B853BE44}.Debug|Any CPU.Build.0 = Debug|Any CPU
		{50A88026-02AF-4831-B322-72F1B853BE44}.Release|Any CPU.ActiveCfg = Release|Any CPU
		{50A88026-02AF-4831-B322-72F1B853BE44}.Release|Any CPU.Build.0 = Release|Any CPU
	EndGlobalSection
	GlobalSection(SolutionProperties) = preSolution
		HideSolutionNode = FALSE
	EndGlobalSection
	GlobalSection(ExtensibilityGlobals) = postSolution
		SolutionGuid = {9EF15544-0EA5-445B-BEFC-15389E4D0840}
	EndGlobalSection
EndGlobal
